
Microsoft Visual Studio Solution File, Format Version 12.00
# Visual Studio 15
VisualStudioVersion = 15.0.27130.2036
MinimumVisualStudioVersion = 10.0.40219.1
Project("{FAE04EC0-301F-11D3-BF4B-00C04F79EFBC}") = "App1.Android", "App1\App1.Android\App1.Android.csproj", "{FF5451B3-FE22-4311-BE73-6B384F186ACC}"
EndProject
Project("{FAE04EC0-301F-11D3-BF4B-00C04F79EFBC}") = "App1.iOS", "App1\App1.iOS\App1.iOS.csproj", "{202D76B4-7127-4C0B-AD13-45CC8C2B822A}"
EndProject
Project("{D954291E-2A0B-460D-934E-DC6B0785DB48}") = "App1", "App1\App1\App1.shproj", "{11D3DCCA-F6C9-43BF-9BBF-26298631C7DF}"
EndProject
Global
	GlobalSection(SharedMSBuildProjectFiles) = preSolution
		App1\App1\App1.projitems*{11d3dcca-f6c9-43bf-9bbf-26298631c7df}*SharedItemsImports = 13
		App1\App1\App1.projitems*{202d76b4-7127-4c0b-ad13-45cc8c2b822a}*SharedItemsImports = 4
		App1\App1\App1.projitems*{ff5451b3-fe22-4311-be73-6b384f186acc}*SharedItemsImports = 4
	EndGlobalSection
	GlobalSection(SolutionConfigurationPlatforms) = preSolution
		Ad-Hoc|Any CPU = Ad-Hoc|Any CPU
		Ad-Hoc|iPhone = Ad-Hoc|iPhone
		Ad-Hoc|iPhoneSimulator = Ad-Hoc|iPhoneSimulator
		AppStore|Any CPU = AppStore|Any CPU
		AppStore|iPhone = AppStore|iPhone
		AppStore|iPhoneSimulator = AppStore|iPhoneSimulator
		Debug|Any CPU = Debug|Any CPU
		Debug|iPhone = Debug|iPhone
		Debug|iPhoneSimulator = Debug|iPhoneSimulator
		Release|Any CPU = Release|Any CPU
		Release|iPhone = Release|iPhone
		Release|iPhoneSimulator = Release|iPhoneSimulator
	EndGlobalSection
	GlobalSection(ProjectConfigurationPlatforms) = postSolution
		{FF5451B3-FE22-4311-BE73-6B384F186ACC}.Ad-Hoc|Any CPU.ActiveCfg = Release|Any CPU
		{FF5451B3-FE22-4311-BE73-6B384F186ACC}.Ad-Hoc|Any CPU.Build.0 = Release|Any CPU
		{FF5451B3-FE22-4311-BE73-6B384F186ACC}.Ad-Hoc|Any CPU.Deploy.0 = Release|Any CPU
		{FF5451B3-FE22-4311-BE73-6B384F186ACC}.Ad-Hoc|iPhone.ActiveCfg = Release|Any CPU
		{FF5451B3-FE22-4311-BE73-6B384F186ACC}.Ad-Hoc|iPhone.Build.0 = Release|Any CPU
		{FF5451B3-FE22-4311-BE73-6B384F186ACC}.Ad-Hoc|iPhone.Deploy.0 = Release|Any CPU
		{FF5451B3-FE22-4311-BE73-6B384F186ACC}.Ad-Hoc|iPhoneSimulator.ActiveCfg = Release|Any CPU
		{FF5451B3-FE22-4311-BE73-6B384F186ACC}.Ad-Hoc|iPhoneSimulator.Build.0 = Release|Any CPU
		{FF5451B3-FE22-4311-BE73-6B384F186ACC}.Ad-Hoc|iPhoneSimulator.Deploy.0 = Release|Any CPU
		{FF5451B3-FE22-4311-BE73-6B384F186ACC}.AppStore|Any CPU.ActiveCfg = Release|Any CPU
		{FF5451B3-FE22-4311-BE73-6B384F186ACC}.AppStore|Any CPU.Build.0 = Release|Any CPU
		{FF5451B3-FE22-4311-BE73-6B384F186ACC}.AppStore|Any CPU.Deploy.0 = Release|Any CPU
		{FF5451B3-FE22-4311-BE73-6B384F186ACC}.AppStore|iPhone.ActiveCfg = Release|Any CPU
		{FF5451B3-FE22-4311-BE73-6B384F186ACC}.AppStore|iPhone.Build.0 = Release|Any CPU
		{FF5451B3-FE22-4311-BE73-6B384F186ACC}.AppStore|iPhone.Deploy.0 = Release|Any CPU
		{FF5451B3-FE22-4311-BE73-6B384F186ACC}.AppStore|iPhoneSimulator.ActiveCfg = Release|Any CPU
		{FF5451B3-FE22-4311-BE73-6B384F186ACC}.AppStore|iPhoneSimulator.Build.0 = Release|Any CPU
		{FF5451B3-FE22-4311-BE73-6B384F186ACC}.AppStore|iPhoneSimulator.Deploy.0 = Release|Any CPU
		{FF5451B3-FE22-4311-BE73-6B384F186ACC}.Debug|Any CPU.ActiveCfg = Debug|Any CPU
		{FF5451B3-FE22-4311-BE73-6B384F186ACC}.Debug|Any CPU.Build.0 = Debug|Any CPU
		{FF5451B3-FE22-4311-BE73-6B384F186ACC}.Debug|Any CPU.Deploy.0 = Debug|Any CPU
		{FF5451B3-FE22-4311-BE73-6B384F186ACC}.Debug|iPhone.ActiveCfg = Debug|Any CPU
		{FF5451B3-FE22-4311-BE73-6B384F186ACC}.Debug|iPhone.Build.0 = Debug|Any CPU
		{FF5451B3-FE22-4311-BE73-6B384F186ACC}.Debug|iPhone.Deploy.0 = Debug|Any CPU
		{FF5451B3-FE22-4311-BE73-6B384F186ACC}.Debug|iPhoneSimulator.ActiveCfg = Debug|Any CPU
		{FF5451B3-FE22-4311-BE73-6B384F186ACC}.Debug|iPhoneSimulator.Build.0 = Debug|Any CPU
		{FF5451B3-FE22-4311-BE73-6B384F186ACC}.Debug|iPhoneSimulator.Deploy.0 = Debug|Any CPU
		{FF5451B3-FE22-4311-BE73-6B384F186ACC}.Release|Any CPU.ActiveCfg = Release|Any CPU
		{FF5451B3-FE22-4311-BE73-6B384F186ACC}.Release|Any CPU.Build.0 = Release|Any CPU
		{FF5451B3-FE22-4311-BE73-6B384F186ACC}.Release|Any CPU.Deploy.0 = Release|Any CPU
		{FF5451B3-FE22-4311-BE73-6B384F186ACC}.Release|iPhone.ActiveCfg = Release|Any CPU
		{FF5451B3-FE22-4311-BE73-6B384F186ACC}.Release|iPhone.Build.0 = Release|Any CPU
		{FF5451B3-FE22-4311-BE73-6B384F186ACC}.Release|iPhone.Deploy.0 = Release|Any CPU
		{FF5451B3-FE22-4311-BE73-6B384F186ACC}.Release|iPhoneSimulator.ActiveCfg = Release|Any CPU
		{FF5451B3-FE22-4311-BE73-6B384F186ACC}.Release|iPhoneSimulator.Build.0 = Release|Any CPU
		{FF5451B3-FE22-4311-BE73-6B384F186ACC}.Release|iPhoneSimulator.Deploy.0 = Release|Any CPU
		{202D76B4-7127-4C0B-AD13-45CC8C2B822A}.Ad-Hoc|Any CPU.ActiveCfg = Ad-Hoc|iPhone
		{202D76B4-7127-4C0B-AD13-45CC8C2B822A}.Ad-Hoc|iPhone.ActiveCfg = Ad-Hoc|iPhone
		{202D76B4-7127-4C0B-AD13-45CC8C2B822A}.Ad-Hoc|iPhone.Build.0 = Ad-Hoc|iPhone
		{202D76B4-7127-4C0B-AD13-45CC8C2B822A}.Ad-Hoc|iPhoneSimulator.ActiveCfg = Ad-Hoc|iPhoneSimulator
		{202D76B4-7127-4C0B-AD13-45CC8C2B822A}.Ad-Hoc|iPhoneSimulator.Build.0 = Ad-Hoc|iPhoneSimulator
		{202D76B4-7127-4C0B-AD13-45CC8C2B822A}.AppStore|Any CPU.ActiveCfg = AppStore|iPhone
		{202D76B4-7127-4C0B-AD13-45CC8C2B822A}.AppStore|iPhone.ActiveCfg = AppStore|iPhone
		{202D76B4-7127-4C0B-AD13-45CC8C2B822A}.AppStore|iPhone.Build.0 = AppStore|iPhone
		{202D76B4-7127-4C0B-AD13-45CC8C2B822A}.AppStore|iPhoneSimulator.ActiveCfg = AppStore|iPhoneSimulator
		{202D76B4-7127-4C0B-AD13-45CC8C2B822A}.AppStore|iPhoneSimulator.Build.0 = AppStore|iPhoneSimulator
		{202D76B4-7127-4C0B-AD13-45CC8C2B822A}.Debug|Any CPU.ActiveCfg = Debug|iPhone
		{202D76B4-7127-4C0B-AD13-45CC8C2B822A}.Debug|iPhone.ActiveCfg = Debug|iPhone
		{202D76B4-7127-4C0B-AD13-45CC8C2B822A}.Debug|iPhone.Build.0 = Debug|iPhone
		{202D76B4-7127-4C0B-AD13-45CC8C2B822A}.Debug|iPhoneSimulator.ActiveCfg = Debug|iPhoneSimulator
		{202D76B4-7127-4C0B-AD13-45CC8C2B822A}.Debug|iPhoneSimulator.Build.0 = Debug|iPhoneSimulator
		{202D76B4-7127-4C0B-AD13-45CC8C2B822A}.Release|Any CPU.ActiveCfg = Release|iPhone
		{202D76B4-7127-4C0B-AD13-45CC8C2B822A}.Release|iPhone.ActiveCfg = Release|iPhone
		{202D76B4-7127-4C0B-AD13-45CC8C2B822A}.Release|iPhone.Build.0 = Release|iPhone
		{202D76B4-7127-4C0B-AD13-45CC8C2B822A}.Release|iPhoneSimulator.ActiveCfg = Release|iPhoneSimulator
		{202D76B4-7127-4C0B-AD13-45CC8C2B822A}.Release|iPhoneSimulator.Build.0 = Release|iPhoneSimulator
	EndGlobalSection
	GlobalSection(SolutionProperties) = preSolution
		HideSolutionNode = FALSE
	EndGlobalSection
	GlobalSection(ExtensibilityGlobals) = postSolution
		SolutionGuid = {1E70ED26-C3D3-41B8-B6C8-D464B1BE66B7}
	EndGlobalSection
EndGlobal
